
Microsoft Visual Studio Solution File, Format Version 12.00
# Visual Studio Version 17
VisualStudioVersion = 17.3.32901.215
MinimumVisualStudioVersion = 10.0.40219.1
Project("{FAE04EC0-301F-11D3-BF4B-00C04F79EFBC}") = "webapp", "webapp\webapp.csproj", "{C2EEB1D1-2D63-476F-B223-916A40A8198F}"
EndProject
Global
	GlobalSection(SolutionConfigurationPlatforms) = preSolution
		Debug|Any CPU = Debug|Any CPU
		Release|Any CPU = Release|Any CPU
	EndGlobalSection
	GlobalSection(ProjectConfigurationPlatforms) = postSolution
		{C2EEB1D1-2D63-476F-B223-916A40A8198F}.Debug|Any CPU.ActiveCfg = Debug|Any CPU
		{C2EEB1D1-2D63-476F-B223-916A40A8198F}.Debug|Any CPU.Build.0 = Debug|Any CPU
		{C2EEB1D1-2D63-476F-B223-916A40A8198F}.Release|Any CPU.ActiveCfg = Release|Any CPU
		{C2EEB1D1-2D63-476F-B223-916A40A8198F}.Release|Any CPU.Build.0 = Release|Any CPU
	EndGlobalSection
	GlobalSection(SolutionProperties) = preSolution
		HideSolutionNode = FALSE
	EndGlobalSection
	GlobalSection(ExtensibilityGlobals) = postSolution
		SolutionGuid = {60C38D37-9ECF-4B39-BA44-E3E83613C0A0}
	EndGlobalSection
EndGlobal
